
Microsoft Visual Studio Solution File, Format Version 12.00
# Visual Studio Version 16
VisualStudioVersion = 16.0.29728.190
MinimumVisualStudioVersion = 10.0.40219.1
Project("{FAE04EC0-301F-11D3-BF4B-00C04F79EFBC}") = "course", "course\course.csproj", "{297E6E35-53C4-4D7B-A827-43A57433C788}"
EndProject
Global
	GlobalSection(SolutionConfigurationPlatforms) = preSolution
		Debug|Any CPU = Debug|Any CPU
		Release|Any CPU = Release|Any CPU
	EndGlobalSection
	GlobalSection(ProjectConfigurationPlatforms) = postSolution
		{297E6E35-53C4-4D7B-A827-43A57433C788}.Debug|Any CPU.ActiveCfg = Debug|Any CPU
		{297E6E35-53C4-4D7B-A827-43A57433C788}.Debug|Any CPU.Build.0 = Debug|Any CPU
		{297E6E35-53C4-4D7B-A827-43A57433C788}.Release|Any CPU.ActiveCfg = Release|Any CPU
		{297E6E35-53C4-4D7B-A827-43A57433C788}.Release|Any CPU.Build.0 = Release|Any CPU
	EndGlobalSection
	GlobalSection(SolutionProperties) = preSolution
		HideSolutionNode = FALSE
	EndGlobalSection
	GlobalSection(ExtensibilityGlobals) = postSolution
		SolutionGuid = {C1DD2E35-B13B-4FB8-A678-58D19C6CD593}
	EndGlobalSection
EndGlobal
